
Microsoft Visual Studio Solution File, Format Version 12.00
Project("{2150E333-8FDC-42A3-9474-1A3956D46DE8}") = "Domain", "Domain", "{75A2AF6F-D422-4DEA-9326-7FFD4D6C86CC}"
EndProject
Project("{FAE04EC0-301F-11D3-BF4B-00C04F79EFBC}") = "Domain", "Domain\Domain.csproj", "{433E09F9-BAC9-4D3E-B2C5-0DC073ABB2B2}"
EndProject
Global
	GlobalSection(SolutionConfigurationPlatforms) = preSolution
		Debug|Any CPU = Debug|Any CPU
		Release|Any CPU = Release|Any CPU
	EndGlobalSection
	GlobalSection(NestedProjects) = preSolution
		{433E09F9-BAC9-4D3E-B2C5-0DC073ABB2B2} = {75A2AF6F-D422-4DEA-9326-7FFD4D6C86CC}
	EndGlobalSection
	GlobalSection(ProjectConfigurationPlatforms) = postSolution
		{433E09F9-BAC9-4D3E-B2C5-0DC073ABB2B2}.Debug|Any CPU.ActiveCfg = Debug|Any CPU
		{433E09F9-BAC9-4D3E-B2C5-0DC073ABB2B2}.Debug|Any CPU.Build.0 = Debug|Any CPU
		{433E09F9-BAC9-4D3E-B2C5-0DC073ABB2B2}.Release|Any CPU.ActiveCfg = Release|Any CPU
		{433E09F9-BAC9-4D3E-B2C5-0DC073ABB2B2}.Release|Any CPU.Build.0 = Release|Any CPU
	EndGlobalSection
EndGlobal
